
Microsoft Visual Studio Solution File, Format Version 12.00
# Visual Studio Version 17
VisualStudioVersion = 17.5.33627.172
MinimumVisualStudioVersion = 10.0.40219.1
Project("{9A19103F-16F7-4668-BE54-9A1E7A4F7556}") = "ToDoListApp", "ToDoListApp\ToDoListApp.csproj", "{DFBDA957-1B53-4FAD-AD0C-AE4E8123C9B3}"
EndProject
Project("{FAE04EC0-301F-11D3-BF4B-00C04F79EFBC}") = "ToDoListAppTest", "TestToDoListApp\ToDoListAppTest.csproj", "{399D2FC2-1D01-4F2A-A06B-DED480B4671D}"
EndProject
Global
	GlobalSection(SolutionConfigurationPlatforms) = preSolution
		Debug|Any CPU = Debug|Any CPU
		Release|Any CPU = Release|Any CPU
	EndGlobalSection
	GlobalSection(ProjectConfigurationPlatforms) = postSolution
		{DFBDA957-1B53-4FAD-AD0C-AE4E8123C9B3}.Debug|Any CPU.ActiveCfg = Debug|Any CPU
		{DFBDA957-1B53-4FAD-AD0C-AE4E8123C9B3}.Debug|Any CPU.Build.0 = Debug|Any CPU
		{DFBDA957-1B53-4FAD-AD0C-AE4E8123C9B3}.Release|Any CPU.ActiveCfg = Release|Any CPU
		{DFBDA957-1B53-4FAD-AD0C-AE4E8123C9B3}.Release|Any CPU.Build.0 = Release|Any CPU
		{399D2FC2-1D01-4F2A-A06B-DED480B4671D}.Debug|Any CPU.ActiveCfg = Debug|Any CPU
		{399D2FC2-1D01-4F2A-A06B-DED480B4671D}.Debug|Any CPU.Build.0 = Debug|Any CPU
		{399D2FC2-1D01-4F2A-A06B-DED480B4671D}.Release|Any CPU.ActiveCfg = Release|Any CPU
		{399D2FC2-1D01-4F2A-A06B-DED480B4671D}.Release|Any CPU.Build.0 = Release|Any CPU
	EndGlobalSection
	GlobalSection(SolutionProperties) = preSolution
		HideSolutionNode = FALSE
	EndGlobalSection
	GlobalSection(ExtensibilityGlobals) = postSolution
		SolutionGuid = {A454B86C-35F4-474D-B7DF-03889D6EFF3D}
	EndGlobalSection
EndGlobal
